
Microsoft Visual Studio Solution File, Format Version 12.00
# Visual Studio Version 17
VisualStudioVersion = 17.11.35303.130
MinimumVisualStudioVersion = 10.0.40219.1
Project("{FAE04EC0-301F-11D3-BF4B-00C04F79EFBC}") = "Gestor_Tareas", "Gestor_Tareas.csproj", "{791DA7C0-6BBD-4F72-8675-2D74AD7A476C}"
EndProject
Global
	GlobalSection(SolutionConfigurationPlatforms) = preSolution
		Debug|Any CPU = Debug|Any CPU
		Release|Any CPU = Release|Any CPU
	EndGlobalSection
	GlobalSection(ProjectConfigurationPlatforms) = postSolution
		{791DA7C0-6BBD-4F72-8675-2D74AD7A476C}.Debug|Any CPU.ActiveCfg = Debug|Any CPU
		{791DA7C0-6BBD-4F72-8675-2D74AD7A476C}.Debug|Any CPU.Build.0 = Debug|Any CPU
		{791DA7C0-6BBD-4F72-8675-2D74AD7A476C}.Release|Any CPU.ActiveCfg = Release|Any CPU
		{791DA7C0-6BBD-4F72-8675-2D74AD7A476C}.Release|Any CPU.Build.0 = Release|Any CPU
	EndGlobalSection
	GlobalSection(SolutionProperties) = preSolution
		HideSolutionNode = FALSE
	EndGlobalSection
	GlobalSection(ExtensibilityGlobals) = postSolution
		SolutionGuid = {9E274AB1-6CD2-4F7A-BC98-E5BFBF75165D}
	EndGlobalSection
EndGlobal
